
Microsoft Visual Studio Solution File, Format Version 12.00
# Visual Studio Version 17
VisualStudioVersion = 17.11.35222.181
MinimumVisualStudioVersion = 10.0.40219.1
Project("{9A19103F-16F7-4668-BE54-9A1E7A4F7556}") = "WorkflowApp.Web", "WorkflowApp.Web.csproj", "{CA42FCE8-8925-4278-88A3-2F94303A00E0}"
EndProject
Global
	GlobalSection(SolutionConfigurationPlatforms) = preSolution
		Debug|Any CPU = Debug|Any CPU
		Release|Any CPU = Release|Any CPU
	EndGlobalSection
	GlobalSection(ProjectConfigurationPlatforms) = postSolution
		{CA42FCE8-8925-4278-88A3-2F94303A00E0}.Debug|Any CPU.ActiveCfg = Debug|Any CPU
		{CA42FCE8-8925-4278-88A3-2F94303A00E0}.Debug|Any CPU.Build.0 = Debug|Any CPU
		{CA42FCE8-8925-4278-88A3-2F94303A00E0}.Release|Any CPU.ActiveCfg = Release|Any CPU
		{CA42FCE8-8925-4278-88A3-2F94303A00E0}.Release|Any CPU.Build.0 = Release|Any CPU
	EndGlobalSection
	GlobalSection(SolutionProperties) = preSolution
		HideSolutionNode = FALSE
	EndGlobalSection
	GlobalSection(ExtensibilityGlobals) = postSolution
		SolutionGuid = {3ACCD14D-D8A6-4E1A-82A8-D241CDB9E26E}
	EndGlobalSection
EndGlobal
